
Microsoft Visual Studio Solution File, Format Version 12.00
# Visual Studio Version 17
VisualStudioVersion = 17.1.32421.90
MinimumVisualStudioVersion = 10.0.40219.1
Project("{8BC9CEB8-8B4A-11D0-8D11-00A0C91BC942}") = "出题目", "出题目.vcxproj", "{5B6DA6C1-3096-454A-810F-06F1D224C257}"
EndProject
Global
	GlobalSection(SolutionConfigurationPlatforms) = preSolution
		Debug|x64 = Debug|x64
		Debug|x86 = Debug|x86
		Release|x64 = Release|x64
		Release|x86 = Release|x86
	EndGlobalSection
	GlobalSection(ProjectConfigurationPlatforms) = postSolution
		{5B6DA6C1-3096-454A-810F-06F1D224C257}.Debug|x64.ActiveCfg = Debug|x64
		{5B6DA6C1-3096-454A-810F-06F1D224C257}.Debug|x64.Build.0 = Debug|x64
		{5B6DA6C1-3096-454A-810F-06F1D224C257}.Debug|x86.ActiveCfg = Debug|Win32
		{5B6DA6C1-3096-454A-810F-06F1D224C257}.Debug|x86.Build.0 = Debug|Win32
		{5B6DA6C1-3096-454A-810F-06F1D224C257}.Release|x64.ActiveCfg = Release|x64
		{5B6DA6C1-3096-454A-810F-06F1D224C257}.Release|x64.Build.0 = Release|x64
		{5B6DA6C1-3096-454A-810F-06F1D224C257}.Release|x86.ActiveCfg = Release|Win32
		{5B6DA6C1-3096-454A-810F-06F1D224C257}.Release|x86.Build.0 = Release|Win32
	EndGlobalSection
	GlobalSection(SolutionProperties) = preSolution
		HideSolutionNode = FALSE
	EndGlobalSection
	GlobalSection(ExtensibilityGlobals) = postSolution
		SolutionGuid = {E3BCD5A8-05C3-42A0-80F4-6F9FC60B5D61}
	EndGlobalSection
EndGlobal
